
Microsoft Visual Studio Solution File, Format Version 12.00
# Visual Studio Version 16
VisualStudioVersion = 16.0.33927.289
MinimumVisualStudioVersion = 10.0.40219.1
Project("{2150E333-8FDC-42A3-9474-1A3956D46DE8}") = "Task0", "Task0", "{784642D1-45B7-471F-A6CC-1FE474B09375}"
EndProject
Project("{2150E333-8FDC-42A3-9474-1A3956D46DE8}") = "Task1", "Task1", "{90CBC73E-7F45-41DA-AEF0-A1D4A832AECB}"
EndProject
Project("{2150E333-8FDC-42A3-9474-1A3956D46DE8}") = "Task2", "Task2", "{5ED72CCF-0738-4D35-802F-02F18AA87A9E}"
EndProject
Project("{2150E333-8FDC-42A3-9474-1A3956D46DE8}") = "Task3", "Task3", "{353C22CE-0FDA-4F1A-8709-4D134FD4FB41}"
EndProject
Project("{FAE04EC0-301F-11D3-BF4B-00C04F79EFBC}") = "Tyuiu.PyatkovaAYu.Sprint4.Task0.V14", "Tyuiu.PyatkovaAYu.Sprint4.Task0.V14\Tyuiu.PyatkovaAYu.Sprint4.Task0.V14.csproj", "{F9E80E08-BC81-407B-AEE3-39C69B7585F9}"
EndProject
Project("{FAE04EC0-301F-11D3-BF4B-00C04F79EFBC}") = "Tyuiu.PyatkovaAYu.Sprint4.Task0.V14.Lib", "Tyuiu.PyatkovaAYu.Sprint4.Task0.V14.Lib\Tyuiu.PyatkovaAYu.Sprint4.Task0.V14.Lib.csproj", "{FBFF0D05-961F-42B7-B54B-1D2E2330424D}"
EndProject
Project("{FAE04EC0-301F-11D3-BF4B-00C04F79EFBC}") = "Tyuiu.PyatkovaAYu.Sprint4.Task0.V14.Test", "Tyuiu.PyatkovaAYu.Sprint4.Task0.V14.Test\Tyuiu.PyatkovaAYu.Sprint4.Task0.V14.Test.csproj", "{E7873DA8-487B-49B1-B5BB-B4E77FF9BA15}"
EndProject
Project("{FAE04EC0-301F-11D3-BF4B-00C04F79EFBC}") = "Tyuiu.PyatkovaAYu.Sprint4.Task1.V5", "Tyuiu.PyatkovaAYu.Sprint4.Task1.V5\Tyuiu.PyatkovaAYu.Sprint4.Task1.V5.csproj", "{86F1DC11-F600-4B32-BCBE-D425D79336A6}"
EndProject
Project("{FAE04EC0-301F-11D3-BF4B-00C04F79EFBC}") = "Tyuiu.PyatkovaAYu.Sprint4.Task1.V5.Lib", "Tyuiu.PyatkovaAYu.Sprint4.Task1.V5.Lib\Tyuiu.PyatkovaAYu.Sprint4.Task1.V5.Lib.csproj", "{60B544C9-5774-44DA-9EFA-2D30BC4FE5C5}"
EndProject
Project("{FAE04EC0-301F-11D3-BF4B-00C04F79EFBC}") = "Tyuiu.PyatkovaAYu.Sprint4.Task1.V5.Test", "Tyuiu.PyatkovaAYu.Sprint4.Task1.V5.Test\Tyuiu.PyatkovaAYu.Sprint4.Task1.V5.Test.csproj", "{4C04836B-4358-457B-AD6B-BC897D19C9D7}"
EndProject
Project("{FAE04EC0-301F-11D3-BF4B-00C04F79EFBC}") = "Tyuiu.PyatkovaAYu.Sprint4.Task2.V5", "Tyuiu.PyatkovaAYu.Sprint4.Task2.V5\Tyuiu.PyatkovaAYu.Sprint4.Task2.V5.csproj", "{8FEA6456-31A3-4C5F-8797-A05C05EC78B8}"
EndProject
Project("{FAE04EC0-301F-11D3-BF4B-00C04F79EFBC}") = "Tyuiu.PyatkovaAYu.Sprint4.Task2.V5.Lib", "Tyuiu.PyatkovaAYu.Sprint4.Task2.V5.Lib\Tyuiu.PyatkovaAYu.Sprint4.Task2.V5.Lib.csproj", "{C40964E1-6656-4A36-9736-ECCB6BEC4B5B}"
EndProject
Project("{FAE04EC0-301F-11D3-BF4B-00C04F79EFBC}") = "Tyuiu.PyatkovaAYu.Sprint4.Task2.V5.Test", "Tyuiu.PyatkovaAYu.Sprint4.Task2.V5.Test\Tyuiu.PyatkovaAYu.Sprint4.Task2.V5.Test.csproj", "{C5ED3AF7-C209-4BF3-9766-C1B5BCCD0858}"
EndProject
Project("{FAE04EC0-301F-11D3-BF4B-00C04F79EFBC}") = "Tyuiu.PyatkovaAYu.Sprint4.Task3.V28", "Tyuiu.PyatkovaAYu.Sprint4.Task3.V28\Tyuiu.PyatkovaAYu.Sprint4.Task3.V28.csproj", "{DA2CEB90-4865-429D-81DB-F9D45BFB5E6F}"
EndProject
Global
	GlobalSection(SolutionConfigurationPlatforms) = preSolution
		Debug|Any CPU = Debug|Any CPU
		Release|Any CPU = Release|Any CPU
	EndGlobalSection
	GlobalSection(ProjectConfigurationPlatforms) = postSolution
		{F9E80E08-BC81-407B-AEE3-39C69B7585F9}.Debug|Any CPU.ActiveCfg = Debug|Any CPU
		{F9E80E08-BC81-407B-AEE3-39C69B7585F9}.Debug|Any CPU.Build.0 = Debug|Any CPU
		{F9E80E08-BC81-407B-AEE3-39C69B7585F9}.Release|Any CPU.ActiveCfg = Release|Any CPU
		{F9E80E08-BC81-407B-AEE3-39C69B7585F9}.Release|Any CPU.Build.0 = Release|Any CPU
		{FBFF0D05-961F-42B7-B54B-1D2E2330424D}.Debug|Any CPU.ActiveCfg = Debug|Any CPU
		{FBFF0D05-961F-42B7-B54B-1D2E2330424D}.Debug|Any CPU.Build.0 = Debug|Any CPU
		{FBFF0D05-961F-42B7-B54B-1D2E2330424D}.Release|Any CPU.ActiveCfg = Release|Any CPU
		{FBFF0D05-961F-42B7-B54B-1D2E2330424D}.Release|Any CPU.Build.0 = Release|Any CPU
		{E7873DA8-487B-49B1-B5BB-B4E77FF9BA15}.Debug|Any CPU.ActiveCfg = Debug|Any CPU
		{E7873DA8-487B-49B1-B5BB-B4E77FF9BA15}.Debug|Any CPU.Build.0 = Debug|Any CPU
		{E7873DA8-487B-49B1-B5BB-B4E77FF9BA15}.Release|Any CPU.ActiveCfg = Release|Any CPU
		{E7873DA8-487B-49B1-B5BB-B4E77FF9BA15}.Release|Any CPU.Build.0 = Release|Any CPU
		{86F1DC11-F600-4B32-BCBE-D425D79336A6}.Debug|Any CPU.ActiveCfg = Debug|Any CPU
		{86F1DC11-F600-4B32-BCBE-D425D79336A6}.Debug|Any CPU.Build.0 = Debug|Any CPU
		{86F1DC11-F600-4B32-BCBE-D425D79336A6}.Release|Any CPU.ActiveCfg = Release|Any CPU
		{86F1DC11-F600-4B32-BCBE-D425D79336A6}.Release|Any CPU.Build.0 = Release|Any CPU
		{60B544C9-5774-44DA-9EFA-2D30BC4FE5C5}.Debug|Any CPU.ActiveCfg = Debug|Any CPU
		{60B544C9-5774-44DA-9EFA-2D30BC4FE5C5}.Debug|Any CPU.Build.0 = Debug|Any CPU
		{60B544C9-5774-44DA-9EFA-2D30BC4FE5C5}.Release|Any CPU.ActiveCfg = Release|Any CPU
		{60B544C9-5774-44DA-9EFA-2D30BC4FE5C5}.Release|Any CPU.Build.0 = Release|Any CPU
		{4C04836B-4358-457B-AD6B-BC897D19C9D7}.Debug|Any CPU.ActiveCfg = Debug|Any CPU
		{4C04836B-4358-457B-AD6B-BC897D19C9D7}.Debug|Any CPU.Build.0 = Debug|Any CPU
		{4C04836B-4358-457B-AD6B-BC897D19C9D7}.Release|Any CPU.ActiveCfg = Release|Any CPU
		{4C04836B-4358-457B-AD6B-BC897D19C9D7}.Release|Any CPU.Build.0 = Release|Any CPU
		{8FEA6456-31A3-4C5F-8797-A05C05EC78B8}.Debug|Any CPU.ActiveCfg = Debug|Any CPU
		{8FEA6456-31A3-4C5F-8797-A05C05EC78B8}.Debug|Any CPU.Build.0 = Debug|Any CPU
		{8FEA6456-31A3-4C5F-8797-A05C05EC78B8}.Release|Any CPU.ActiveCfg = Release|Any CPU
		{8FEA6456-31A3-4C5F-8797-A05C05EC78B8}.Release|Any CPU.Build.0 = Release|Any CPU
		{C40964E1-6656-4A36-9736-ECCB6BEC4B5B}.Debug|Any CPU.ActiveCfg = Debug|Any CPU
		{C40964E1-6656-4A36-9736-ECCB6BEC4B5B}.Debug|Any CPU.Build.0 = Debug|Any CPU
		{C40964E1-6656-4A36-9736-ECCB6BEC4B5B}.Release|Any CPU.ActiveCfg = Release|Any CPU
		{C40964E1-6656-4A36-9736-ECCB6BEC4B5B}.Release|Any CPU.Build.0 = Release|Any CPU
		{C5ED3AF7-C209-4BF3-9766-C1B5BCCD0858}.Debug|Any CPU.ActiveCfg = Debug|Any CPU
		{C5ED3AF7-C209-4BF3-9766-C1B5BCCD0858}.Debug|Any CPU.Build.0 = Debug|Any CPU
		{C5ED3AF7-C209-4BF3-9766-C1B5BCCD0858}.Release|Any CPU.ActiveCfg = Release|Any CPU
		{C5ED3AF7-C209-4BF3-9766-C1B5BCCD0858}.Release|Any CPU.Build.0 = Release|Any CPU
		{DA2CEB90-4865-429D-81DB-F9D45BFB5E6F}.Debug|Any CPU.ActiveCfg = Debug|Any CPU
		{DA2CEB90-4865-429D-81DB-F9D45BFB5E6F}.Debug|Any CPU.Build.0 = Debug|Any CPU
		{DA2CEB90-4865-429D-81DB-F9D45BFB5E6F}.Release|Any CPU.ActiveCfg = Release|Any CPU
		{DA2CEB90-4865-429D-81DB-F9D45BFB5E6F}.Release|Any CPU.Build.0 = Release|Any CPU
	EndGlobalSection
	GlobalSection(SolutionProperties) = preSolution
		HideSolutionNode = FALSE
	EndGlobalSection
	GlobalSection(NestedProjects) = preSolution
		{F9E80E08-BC81-407B-AEE3-39C69B7585F9} = {784642D1-45B7-471F-A6CC-1FE474B09375}
		{FBFF0D05-961F-42B7-B54B-1D2E2330424D} = {784642D1-45B7-471F-A6CC-1FE474B09375}
		{E7873DA8-487B-49B1-B5BB-B4E77FF9BA15} = {784642D1-45B7-471F-A6CC-1FE474B09375}
		{86F1DC11-F600-4B32-BCBE-D425D79336A6} = {90CBC73E-7F45-41DA-AEF0-A1D4A832AECB}
		{60B544C9-5774-44DA-9EFA-2D30BC4FE5C5} = {90CBC73E-7F45-41DA-AEF0-A1D4A832AECB}
		{4C04836B-4358-457B-AD6B-BC897D19C9D7} = {90CBC73E-7F45-41DA-AEF0-A1D4A832AECB}
		{8FEA6456-31A3-4C5F-8797-A05C05EC78B8} = {5ED72CCF-0738-4D35-802F-02F18AA87A9E}
		{C40964E1-6656-4A36-9736-ECCB6BEC4B5B} = {5ED72CCF-0738-4D35-802F-02F18AA87A9E}
		{C5ED3AF7-C209-4BF3-9766-C1B5BCCD0858} = {5ED72CCF-0738-4D35-802F-02F18AA87A9E}
		{DA2CEB90-4865-429D-81DB-F9D45BFB5E6F} = {353C22CE-0FDA-4F1A-8709-4D134FD4FB41}
	EndGlobalSection
	GlobalSection(ExtensibilityGlobals) = postSolution
		SolutionGuid = {E5A71D7C-BAC6-4EAF-A09E-426818A0AC7F}
	EndGlobalSection
EndGlobal
